
Microsoft Visual Studio Solution File, Format Version 12.00
# Visual Studio 15
VisualStudioVersion = 15.0.28307.1000
MinimumVisualStudioVersion = 10.0.40219.1
Project("{FAE04EC0-301F-11D3-BF4B-00C04F79EFBC}") = "ContosoUniversity", "ContosoUniversity\ContosoUniversity.csproj", "{689F2F1E-1DD1-498F-AA51-319F17C6ACCE}"
EndProject
Global
	GlobalSection(SolutionConfigurationPlatforms) = preSolution
		Debug|Any CPU = Debug|Any CPU
		Release|Any CPU = Release|Any CPU
	EndGlobalSection
	GlobalSection(ProjectConfigurationPlatforms) = postSolution
		{689F2F1E-1DD1-498F-AA51-319F17C6ACCE}.Debug|Any CPU.ActiveCfg = Debug|Any CPU
		{689F2F1E-1DD1-498F-AA51-319F17C6ACCE}.Debug|Any CPU.Build.0 = Debug|Any CPU
		{689F2F1E-1DD1-498F-AA51-319F17C6ACCE}.Release|Any CPU.ActiveCfg = Release|Any CPU
		{689F2F1E-1DD1-498F-AA51-319F17C6ACCE}.Release|Any CPU.Build.0 = Release|Any CPU
	EndGlobalSection
	GlobalSection(SolutionProperties) = preSolution
		HideSolutionNode = FALSE
	EndGlobalSection
	GlobalSection(ExtensibilityGlobals) = postSolution
		SolutionGuid = {033CE5EF-C441-4559-ABFF-83F4B2623572}
	EndGlobalSection
EndGlobal
